{
  "name": "admindashboard",
  "version": "1.0.0",
  "lockfileVersion": 1,
  "requires": true,
  "dependencies": {
    "@mdi/font": {
      "version": "7.0.96",
      "resolved": "https://registry.npmjs.org/@mdi/font/-/font-7.0.96.tgz",
      "integrity": "sha512-rzlxTfR64hqY8yiBzDjmANfcd8rv+T5C0Yedv/TWk2QyAQYdc66e0kaN1ipmnYU3RukHRTRcBARHzzm+tIhL7w=="
    }
  }
}
